// !$*UTF8*$!
{
	archiveVersion = 1;
	classes = {
	};
	objectVersion = 56;
	objects = {

/* Begin PBXBuildFile section */
		D20A9D032A19F2C30008195B /* AppDelegate.swift in Sources */ = {isa = PBXBuildFile; fileRef = D20A9D022A19F2C30008195B /* AppDelegate.swift */; };
		D20A9D052A19F2C30008195B /* SceneDelegate.swift in Sources */ = {isa = PBXBuildFile; fileRef = D20A9D042A19F2C30008195B /* SceneDelegate.swift */; };
		D20A9D072A19F2C30008195B /* ViewController.swift in Sources */ = {isa = PBXBuildFile; fileRef = D20A9D062A19F2C30008195B /* ViewController.swift */; };
		D20A9D0A2A19F2C30008195B /* Main.storyboard in Resources */ = {isa = PBXBuildFile; fileRef = D20A9D082A19F2C30008195B /* Main.storyboard */; };
		D20A9D0C2A19F2C50008195B /* Assets.xcassets in Resources */ = {isa = PBXBuildFile; fileRef = D20A9D0B2A19F2C50008195B /* Assets.xcassets */; };
		D20A9D0F2A19F2C50008195B /* LaunchScreen.storyboard in Resources */ = {isa = PBXBuildFile; fileRef = D20A9D0D2A19F2C50008195B /* LaunchScreen.storyboard */; };
		D20A9D182A1A0D7D0008195B /* Realm in Frameworks */ = {isa = PBXBuildFile; productRef = D20A9D172A1A0D7D0008195B /* Realm */; };
		D20A9D1A2A1A0D7D0008195B /* RealmSwift in Frameworks */ = {isa = PBXBuildFile; productRef = D20A9D192A1A0D7D0008195B /* RealmSwift */; };
		D20A9D1C2A1A11FA0008195B /* diary.swift in Sources */ = {isa = PBXBuildFile; fileRef = D20A9D1B2A1A11FA0008195B /* diary.swift */; };
		D20A9D1F2A1DCE130008195B /* FSCalendar in Frameworks */ = {isa = PBXBuildFile; productRef = D20A9D1E2A1DCE130008195B /* FSCalendar */; };
		D20A9D232A1DD0980008195B /* CalendarViewController.swift in Sources */ = {isa = PBXBuildFile; fileRef = D20A9D222A1DD0980008195B /* CalendarViewController.swift */; };
/* End PBXBuildFile section */

/* Begin PBXFileReference section */
		D20A9CFF2A19F2C30008195B /* Eeyore_originalapp.app */ = {isa = PBXFileReference; explicitFileType = wrapper.application; includeInIndex = 0; path = Eeyore_originalapp.app; sourceTree = BUILT_PRODUCTS_DIR; };
		D20A9D022A19F2C30008195B /* AppDelegate.swift */ = {isa = PBXFileReference; lastKnownFileType = sourcecode.swift; path = AppDelegate.swift; sourceTree = "<group>"; };
		D20A9D042A19F2C30008195B /* SceneDelegate.swift */ = {isa = PBXFileReference; lastKnownFileType = sourcecode.swift; path = SceneDelegate.swift; sourceTree = "<group>"; };
		D20A9D062A19F2C30008195B /* ViewController.swift */ = {isa = PBXFileReference; lastKnownFileType = sourcecode.swift; path = ViewController.swift; sourceTree = "<group>"; };
		D20A9D092A19F2C30008195B /* Base */ = {isa = PBXFileReference; lastKnownFileType = file.storyboard; name = Base; path = Base.lproj/Main.storyboard; sourceTree = "<group>"; };
		D20A9D0B2A19F2C50008195B /* Assets.xcassets */ = {isa = PBXFileReference; lastKnownFileType = folder.assetcatalog; path = Assets.xcassets; sourceTree = "<group>"; };
		D20A9D0E2A19F2C50008195B /* Base */ = {isa = PBXFileReference; lastKnownFileType = file.storyboard; name = Base; path = Base.lproj/LaunchScreen.storyboard; sourceTree = "<group>"; };
		D20A9D102A19F2C50008195B /* Info.plist */ = {isa = PBXFileReference; lastKnownFileType = text.plist.xml; path = Info.plist; sourceTree = "<group>"; };
		D20A9D1B2A1A11FA0008195B /* diary.swift */ = {isa = PBXFileReference; lastKnownFileType = sourcecode.swift; path = diary.swift; sourceTree = "<group>"; };
		D20A9D222A1DD0980008195B /* CalendarViewController.swift */ = {isa = PBXFileReference; lastKnownFileType = sourcecode.swift; path = CalendarViewController.swift; sourceTree = "<group>"; };
/* End PBXFileReference section */

/* Begin PBXFrameworksBuildPhase section */
		D20A9CFC2A19F2C30008195B /* Frameworks */ = {
			isa = PBXFrameworksBuildPhase;
			buildActionMask = 2147483647;
			files = (
				D20A9D1A2A1A0D7D0008195B /* RealmSwift in Frameworks */,
				D20A9D1F2A1DCE130008195B /* FSCalendar in Frameworks */,
				D20A9D182A1A0D7D0008195B /* Realm in Frameworks */,
			);
			runOnlyForDeploymentPostprocessing = 0;
		};
/* End PBXFrameworksBuildPhase section */

/* Begin PBXGroup section */
		D20A9CF62A19F2C30008195B = {
			isa = PBXGroup;
			children = (
				D20A9D012A19F2C30008195B /* Eeyore_originalapp */,
				D20A9D002A19F2C30008195B /* Products */,
			);
			sourceTree = "<group>";
		};
		D20A9D002A19F2C30008195B /* Products */ = {
			isa = PBXGroup;
			children = (
				D20A9CFF2A19F2C30008195B /* Eeyore_originalapp.app */,
			);
			name = Products;
			sourceTree = "<group>";
		};
		D20A9D012A19F2C30008195B /* Eeyore_originalapp */ = {
			isa = PBXGroup;
			children = (
				D20A9D022A19F2C30008195B /* AppDelegate.swift */,
				D20A9D042A19F2C30008195B /* SceneDelegate.swift */,
				D20A9D062A19F2C30008195B /* ViewController.swift */,
				D20A9D082A19F2C30008195B /* Main.storyboard */,
				D20A9D0B2A19F2C50008195B /* Assets.xcassets */,
				D20A9D0D2A19F2C50008195B /* LaunchScreen.storyboard */,
				D20A9D102A19F2C50008195B /* Info.plist */,
				D20A9D1B2A1A11FA0008195B /* diary.swift */,
				D20A9D222A1DD0980008195B /* CalendarViewController.swift */,
			);
			path = Eeyore_originalapp;
			sourceTree = "<group>";
		};
/* End PBXGroup section */

/* Begin PBXNativeTarget section */
		D20A9CFE2A19F2C30008195B /* Eeyore_originalapp */ = {
			isa = PBXNativeTarget;
			buildConfigurationList = D20A9D132A19F2C50008195B /* Build configuration list for PBXNativeTarget "Eeyore_originalapp" */;
			buildPhases = (
				D20A9CFB2A19F2C30008195B /* Sources */,
				D20A9CFC2A19F2C30008195B /* Frameworks */,
				D20A9CFD2A19F2C30008195B /* Resources */,
			);
			buildRules = (
			);
			dependencies = (
			);
			name = Eeyore_originalapp;
			packageProductDependencies = (
				D20A9D172A1A0D7D0008195B /* Realm */,
				D20A9D192A1A0D7D0008195B /* RealmSwift */,
				D20A9D1E2A1DCE130008195B /* FSCalendar */,
			);
			productName = Eeyore_originalapp;
			productReference = D20A9CFF2A19F2C30008195B /* Eeyore_originalapp.app */;
			productType = "com.apple.product-type.application";
		};
/* End PBXNativeTarget section */

/* Begin PBXProject section */
		D20A9CF72A19F2C30008195B /* Project object */ = {
			isa = PBXProject;
			attributes = {
				BuildIndependentTargetsInParallel = 1;
				LastSwiftUpdateCheck = 1430;
				LastUpgradeCheck = 1430;
				TargetAttributes = {
					D20A9CFE2A19F2C30008195B = {
						CreatedOnToolsVersion = 14.3;
					};
				};
			};
			buildConfigurationList = D20A9CFA2A19F2C30008195B /* Build configuration list for PBXProject "Eeyore_originalapp" */;
			compatibilityVersion = "Xcode 14.0";
			developmentRegion = en;
			hasScannedForEncodings = 0;
			knownRegions = (
				en,
				Base,
			);
			mainGroup = D20A9CF62A19F2C30008195B;
			packageReferences = (
				D20A9D162A1A0D7D0008195B /* XCRemoteSwiftPackageReference "realm-swift" */,
				D20A9D1D2A1DCE130008195B /* XCRemoteSwiftPackageReference "FSCalendar" */,
			);
			productRefGroup = D20A9D002A19F2C30008195B /* Products */;
			projectDirPath = "";
			projectRoot = "";
			targets = (
				D20A9CFE2A19F2C30008195B /* Eeyore_originalapp */,
			);
		};
/* End PBXProject section */

/* Begin PBXResourcesBuildPhase section */
		D20A9CFD2A19F2C30008195B /* Resources */ = {
			isa = PBXResourcesBuildPhase;
			buildActionMask = 2147483647;
			files = (
				D20A9D0F2A19F2C50008195B /* LaunchScreen.storyboard in Resources */,
				D20A9D0C2A19F2C50008195B /* Assets.xcassets in Resources */,
				D20A9D0A2A19F2C30008195B /* Main.storyboard in Resources */,
			);
			runOnlyForDeploymentPostprocessing = 0;
		};
/* End PBXResourcesBuildPhase section */

/* Begin PBXSourcesBuildPhase section */
		D20A9CFB2A19F2C30008195B /* Sources */ = {
			isa = PBXSourcesBuildPhase;
			buildActionMask = 2147483647;
			files = (
				D20A9D232A1DD0980008195B /* CalendarViewController.swift in Sources */,
				D20A9D072A19F2C30008195B /* ViewController.swift in Sources */,
				D20A9D032A19F2C30008195B /* AppDelegate.swift in Sources */,
				D20A9D052A19F2C30008195B /* SceneDelegate.swift in Sources */,
				D20A9D1C2A1A11FA0008195B /* diary.swift in Sources */,
			);
			runOnlyForDeploymentPostprocessing = 0;
		};
/* End PBXSourcesBuildPhase section */

/* Begin PBXVariantGroup section */
		D20A9D082A19F2C30008195B /* Main.storyboard */ = {
			isa = PBXVariantGroup;
			children = (
				D20A9D092A19F2C30008195B /* Base */,
			);
			name = Main.storyboard;
			sourceTree = "<group>";
		};
		D20A9D0D2A19F2C50008195B /* LaunchScreen.storyboard */ = {
			isa = PBXVariantGroup;
			children = (
				D20A9D0E2A19F2C50008195B /* Base */,
			);
			name = LaunchScreen.storyboard;
			sourceTree = "<group>";
		};
/* End PBXVariantGroup section */

/* Begin XCBuildConfiguration section */
		D20A9D112A19F2C50008195B /* Debug */ = {
			isa = XCBuildConfiguration;
			buildSettings = {
				ALWAYS_SEARCH_USER_PATHS = NO;
				CLANG_ANALYZER_NONNULL = YES;
				CLANG_ANALYZER_NUMBER_OBJECT_CONVERSION = YES_AGGRESSIVE;
				CLANG_CXX_LANGUAGE_STANDARD = "gnu++20";
				CLANG_ENABLE_MODULES = YES;
				CLANG_ENABLE_OBJC_ARC = YES;
				CLANG_ENABLE_OBJC_WEAK = YES;
				CLANG_WARN_BLOCK_CAPTURE_AUTORELEASING = YES;
				CLANG_WARN_BOOL_CONVERSION = YES;
				CLANG_WARN_COMMA = YES;
				CLANG_WARN_CONSTANT_CONVERSION = YES;
				CLANG_WARN_DEPRECATED_OBJC_IMPLEMENTATIONS = YES;
				CLANG_WARN_DIRECT_OBJC_ISA_USAGE = YES_ERROR;
				CLANG_WARN_DOCUMENTATION_COMMENTS = YES;
				CLANG_WARN_EMPTY_BODY = YES;
				CLANG_WARN_ENUM_CONVERSION = YES;
				CLANG_WARN_INFINITE_RECURSION = YES;
				CLANG_WARN_INT_CONVERSION = YES;
				CLANG_WARN_NON_LITERAL_NULL_CONVERSION = YES;
				CLANG_WARN_OBJC_IMPLICIT_RETAIN_SELF = YES;
				CLANG_WARN_OBJC_LITERAL_CONVERSION = YES;
				CLANG_WARN_OBJC_ROOT_CLASS = YES_ERROR;
				CLANG_WARN_QUOTED_INCLUDE_IN_FRAMEWORK_HEADER = YES;
				CLANG_WARN_RANGE_LOOP_ANALYSIS = YES;
				CLANG_WARN_STRICT_PROTOTYPES = YES;
				CLANG_WARN_SUSPICIOUS_MOVE = YES;
				CLANG_WARN_UNGUARDED_AVAILABILITY = YES_AGGRESSIVE;
				CLANG_WARN_UNREACHABLE_CODE = YES;
				CLANG_WARN__DUPLICATE_METHOD_MATCH = YES;
				COPY_PHASE_STRIP = NO;
				DEBUG_INFORMATION_FORMAT = dwarf;
				ENABLE_STRICT_OBJC_MSGSEND = YES;
				ENABLE_TESTABILITY = YES;
				GCC_C_LANGUAGE_STANDARD = gnu11;
				GCC_DYNAMIC_NO_PIC = NO;
				GCC_NO_COMMON_BLOCKS = YES;
				GCC_OPTIMIZATION_LEVEL = 0;
				GCC_PREPROCESSOR_DEFINITIONS = (
					"DEBUG=1",
					"$(inherited)",
				);
				GCC_WARN_64_TO_32_BIT_CONVERSION = YES;
				GCC_WARN_ABOUT_RETURN_TYPE = YES_ERROR;
				GCC_WARN_UNDECLARED_SELECTOR = YES;
				GCC_WARN_UNINITIALIZED_AUTOS = YES_AGGRESSIVE;
				GCC_WARN_UNUSED_FUNCTION = YES;
				GCC_WARN_UNUSED_VARIABLE = YES;
				IPHONEOS_DEPLOYMENT_TARGET = 16.4;
				MTL_ENABLE_DEBUG_INFO = INCLUDE_SOURCE;
				MTL_FAST_MATH = YES;
				ONLY_ACTIVE_ARCH = YES;
				SDKROOT = iphoneos;
				SWIFT_ACTIVE_COMPILATION_CONDITIONS = DEBUG;
				SWIFT_OPTIMIZATION_LEVEL = "-Onone";
			};
			name = Debug;
		};
		D20A9D122A19F2C50008195B /* Release */ = {
			isa = XCBuildConfiguration;
			buildSettings = {
				ALWAYS_SEARCH_USER_PATHS = NO;
				CLANG_ANALYZER_NONNULL = YES;
				CLANG_ANALYZER_NUMBER_OBJECT_CONVERSION = YES_AGGRESSIVE;
				CLANG_CXX_LANGUAGE_STANDARD = "gnu++20";
				CLANG_ENABLE_MODULES = YES;
				CLANG_ENABLE_OBJC_ARC = YES;
				CLANG_ENABLE_OBJC_WEAK = YES;
				CLANG_WARN_BLOCK_CAPTURE_AUTORELEASING = YES;
				CLANG_WARN_BOOL_CONVERSION = YES;
				CLANG_WARN_COMMA = YES;
				CLANG_WARN_CONSTANT_CONVERSION = YES;
				CLANG_WARN_DEPRECATED_OBJC_IMPLEMENTATIONS = YES;
				CLANG_WARN_DIRECT_OBJC_ISA_USAGE = YES_ERROR;
				CLANG_WARN_DOCUMENTATION_COMMENTS = YES;
				CLANG_WARN_EMPTY_BODY = YES;
				CLANG_WARN_ENUM_CONVERSION = YES;
				CLANG_WARN_INFINITE_RECURSION = YES;
				CLANG_WARN_INT_CONVERSION = YES;
				CLANG_WARN_NON_LITERAL_NULL_CONVERSION = YES;
				CLANG_WARN_OBJC_IMPLICIT_RETAIN_SELF = YES;
				CLANG_WARN_OBJC_LITERAL_CONVERSION = YES;
				CLANG_WARN_OBJC_ROOT_CLASS = YES_ERROR;
				CLANG_WARN_QUOTED_INCLUDE_IN_FRAMEWORK_HEADER = YES;
				CLANG_WARN_RANGE_LOOP_ANALYSIS = YES;
				CLANG_WARN_STRICT_PROTOTYPES = YES;
				CLANG_WARN_SUSPICIOUS_MOVE = YES;
				CLANG_WARN_UNGUARDED_AVAILABILITY = YES_AGGRESSIVE;
				CLANG_WARN_UNREACHABLE_CODE = YES;
				CLANG_WARN__DUPLICATE_METHOD_MATCH = YES;
				COPY_PHASE_STRIP = NO;
				DEBUG_INFORMATION_FORMAT = "dwarf-with-dsym";
				ENABLE_NS_ASSERTIONS = NO;
				ENABLE_STRICT_OBJC_MSGSEND = YES;
				GCC_C_LANGUAGE_STANDARD = gnu11;
				GCC_NO_COMMON_BLOCKS = YES;
				GCC_WARN_64_TO_32_BIT_CONVERSION = YES;
				GCC_WARN_ABOUT_RETURN_TYPE = YES_ERROR;
				GCC_WARN_UNDECLARED_SELECTOR = YES;
				GCC_WARN_UNINITIALIZED_AUTOS = YES_AGGRESSIVE;
				GCC_WARN_UNUSED_FUNCTION = YES;
				GCC_WARN_UNUSED_VARIABLE = YES;
				IPHONEOS_DEPLOYMENT_TARGET = 16.4;
				MTL_ENABLE_DEBUG_INFO = NO;
				MTL_FAST_MATH = YES;
				SDKROOT = iphoneos;
				SWIFT_COMPILATION_MODE = wholemodule;
				SWIFT_OPTIMIZATION_LEVEL = "-O";
				VALIDATE_PRODUCT = YES;
			};
			name = Release;
		};
		D20A9D142A19F2C50008195B /* Debug */ = {
			isa = XCBuildConfiguration;
			buildSettings = {
				ASSETCATALOG_COMPILER_APPICON_NAME = AppIcon;
				ASSETCATALOG_COMPILER_GLOBAL_ACCENT_COLOR_NAME = AccentColor;
				CODE_SIGN_STYLE = Automatic;
				CURRENT_PROJECT_VERSION = 1;
				GENERATE_INFOPLIST_FILE = YES;
				INFOPLIST_FILE = Eeyore_originalapp/Info.plist;
				INFOPLIST_KEY_UIApplicationSupportsIndirectInputEvents = YES;
				INFOPLIST_KEY_UILaunchStoryboardName = LaunchScreen;
				INFOPLIST_KEY_UIMainStoryboardFile = Main;
				INFOPLIST_KEY_UISupportedInterfaceOrientations_iPad = "UIInterfaceOrientationPortrait UIInterfaceOrientationPortraitUpsideDown UIInterfaceOrientationLandscapeLeft UIInterfaceOrientationLandscapeRight";
				INFOPLIST_KEY_UISupportedInterfaceOrientations_iPhone = "UIInterfaceOrientationPortrait UIInterfaceOrientationLandscapeLeft UIInterfaceOrientationLandscapeRight";
				LD_RUNPATH_SEARCH_PATHS = (
					"$(inherited)",
					"@executable_path/Frameworks",
				);
				MARKETING_VERSION = 1.0;
				PRODUCT_BUNDLE_IDENTIFIER = "app.oshima.eeyore.Eeyore-originalapp";
				PRODUCT_NAME = "$(TARGET_NAME)";
				SWIFT_EMIT_LOC_STRINGS = YES;
				SWIFT_VERSION = 5.0;
				TARGETED_DEVICE_FAMILY = "1,2";
			};
			name = Debug;
		};
		D20A9D152A19F2C50008195B /* Release */ = {
			isa = XCBuildConfiguration;
			buildSettings = {
				ASSETCATALOG_COMPILER_APPICON_NAME = AppIcon;
				ASSETCATALOG_COMPILER_GLOBAL_ACCENT_COLOR_NAME = AccentColor;
				CODE_SIGN_STYLE = Automatic;
				CURRENT_PROJECT_VERSION = 1;
				GENERATE_INFOPLIST_FILE = YES;
				INFOPLIST_FILE = Eeyore_originalapp/Info.plist;
				INFOPLIST_KEY_UIApplicationSupportsIndirectInputEvents = YES;
				INFOPLIST_KEY_UILaunchStoryboardName = LaunchScreen;
				INFOPLIST_KEY_UIMainStoryboardFile = Main;
				INFOPLIST_KEY_UISupportedInterfaceOrientations_iPad = "UIInterfaceOrientationPortrait UIInterfaceOrientationPortraitUpsideDown UIInterfaceOrientationLandscapeLeft UIInterfaceOrientationLandscapeRight";
				INFOPLIST_KEY_UISupportedInterfaceOrientations_iPhone = "UIInterfaceOrientationPortrait UIInterfaceOrientationLandscapeLeft UIInterfaceOrientationLandscapeRight";
				LD_RUNPATH_SEARCH_PATHS = (
					"$(inherited)",
					"@executable_path/Frameworks",
				);
				MARKETING_VERSION = 1.0;
				PRODUCT_BUNDLE_IDENTIFIER = "app.oshima.eeyore.Eeyore-originalapp";
				PRODUCT_NAME = "$(TARGET_NAME)";
				SWIFT_EMIT_LOC_STRINGS = YES;
				SWIFT_VERSION = 5.0;
				TARGETED_DEVICE_FAMILY = "1,2";
			};
			name = Release;
		};
/* End XCBuildConfiguration section */

/* Begin XCConfigurationList section */
		D20A9CFA2A19F2C30008195B /* Build configuration list for PBXProject "Eeyore_originalapp" */ = {
			isa = XCConfigurationList;
			buildConfigurations = (
				D20A9D112A19F2C50008195B /* Debug */,
				D20A9D122A19F2C50008195B /* Release */,
			);
			defaultConfigurationIsVisible = 0;
			defaultConfigurationName = Release;
		};
		D20A9D132A19F2C50008195B /* Build configuration list for PBXNativeTarget "Eeyore_originalapp" */ = {
			isa = XCConfigurationList;
			buildConfigurations = (
				D20A9D142A19F2C50008195B /* Debug */,
				D20A9D152A19F2C50008195B /* Release */,
			);
			defaultConfigurationIsVisible = 0;
			defaultConfigurationName = Release;
		};
/* End XCConfigurationList section */

/* Begin XCRemoteSwiftPackageReference section */
		D20A9D162A1A0D7D0008195B /* XCRemoteSwiftPackageReference "realm-swift" */ = {
			isa = XCRemoteSwiftPackageReference;
			repositoryURL = "http://github.com/realm/realm-swift";
			requirement = {
				kind = upToNextMajorVersion;
				minimumVersion = 5.0.0;
			};
		};
		D20A9D1D2A1DCE130008195B /* XCRemoteSwiftPackageReference "FSCalendar" */ = {
			isa = XCRemoteSwiftPackageReference;
			repositoryURL = "https://github.com/WenchaoD/FSCalendar.git";
			requirement = {
				kind = upToNextMajorVersion;
				minimumVersion = 2.0.0;
			};
		};
/* End XCRemoteSwiftPackageReference section */

/* Begin XCSwiftPackageProductDependency section */
		D20A9D172A1A0D7D0008195B /* Realm */ = {
			isa = XCSwiftPackageProductDependency;
			package = D20A9D162A1A0D7D0008195B /* XCRemoteSwiftPackageReference "realm-swift" */;
			productName = Realm;
		};
		D20A9D192A1A0D7D0008195B /* RealmSwift */ = {
			isa = XCSwiftPackageProductDependency;
			package = D20A9D162A1A0D7D0008195B /* XCRemoteSwiftPackageReference "realm-swift" */;
			productName = RealmSwift;
		};
		D20A9D1E2A1DCE130008195B /* FSCalendar */ = {
			isa = XCSwiftPackageProductDependency;
			package = D20A9D1D2A1DCE130008195B /* XCRemoteSwiftPackageReference "FSCalendar" */;
			productName = FSCalendar;
		};
/* End XCSwiftPackageProductDependency section */
	};
	rootObject = D20A9CF72A19F2C30008195B /* Project object */;
}
